
Microsoft Visual Studio Solution File, Format Version 12.00
# Visual Studio Version 16
VisualStudioVersion = 16.0.31911.196
MinimumVisualStudioVersion = 10.0.40219.1
Project("{FAE04EC0-301F-11D3-BF4B-00C04F79EFBC}") = "HomeWork9", "HomeWork9\HomeWork9.csproj", "{BBF0922D-2DD5-49BA-84E9-5B4639C9B7F4}"
EndProject
Global
	GlobalSection(SolutionConfigurationPlatforms) = preSolution
		Debug|Any CPU = Debug|Any CPU
		Release|Any CPU = Release|Any CPU
	EndGlobalSection
	GlobalSection(ProjectConfigurationPlatforms) = postSolution
		{BBF0922D-2DD5-49BA-84E9-5B4639C9B7F4}.Debug|Any CPU.ActiveCfg = Debug|Any CPU
		{BBF0922D-2DD5-49BA-84E9-5B4639C9B7F4}.Debug|Any CPU.Build.0 = Debug|Any CPU
		{BBF0922D-2DD5-49BA-84E9-5B4639C9B7F4}.Release|Any CPU.ActiveCfg = Release|Any CPU
		{BBF0922D-2DD5-49BA-84E9-5B4639C9B7F4}.Release|Any CPU.Build.0 = Release|Any CPU
	EndGlobalSection
	GlobalSection(SolutionProperties) = preSolution
		HideSolutionNode = FALSE
	EndGlobalSection
	GlobalSection(ExtensibilityGlobals) = postSolution
		SolutionGuid = {0B4F6FDB-1012-4459-9CF8-FB6A253B5320}
	EndGlobalSection
EndGlobal
